// !$*UTF8*$!
{
	archiveVersion = 1;
	classes = {
	};
	objectVersion = 56;
	objects = {

/* Begin PBXBuildFile section */
		AC35AFF429BB5E7400F493E1 /* coreDataDemoApp.swift in Sources */ = {isa = PBXBuildFile; fileRef = AC35AFF329BB5E7400F493E1 /* coreDataDemoApp.swift */; };
		AC35AFF629BB5E7400F493E1 /* ContentView.swift in Sources */ = {isa = PBXBuildFile; fileRef = AC35AFF529BB5E7400F493E1 /* ContentView.swift */; };
		AC35AFF829BB5E7600F493E1 /* Assets.xcassets in Resources */ = {isa = PBXBuildFile; fileRef = AC35AFF729BB5E7600F493E1 /* Assets.xcassets */; };
		AC35AFFB29BB5E7600F493E1 /* Preview Assets.xcassets in Resources */ = {isa = PBXBuildFile; fileRef = AC35AFFA29BB5E7600F493E1 /* Preview Assets.xcassets */; };
		AC35AFFD29BB5E7600F493E1 /* Persistence.swift in Sources */ = {isa = PBXBuildFile; fileRef = AC35AFFC29BB5E7600F493E1 /* Persistence.swift */; };
		AC35B00029BB5E7600F493E1 /* coreDataDemo.xcdatamodeld in Sources */ = {isa = PBXBuildFile; fileRef = AC35AFFE29BB5E7600F493E1 /* coreDataDemo.xcdatamodeld */; };
		AC35B00A29BB5E7600F493E1 /* coreDataDemoTests.swift in Sources */ = {isa = PBXBuildFile; fileRef = AC35B00929BB5E7600F493E1 /* coreDataDemoTests.swift */; };
		AC35B01429BB5E7600F493E1 /* coreDataDemoUITests.swift in Sources */ = {isa = PBXBuildFile; fileRef = AC35B01329BB5E7600F493E1 /* coreDataDemoUITests.swift */; };
		AC35B01629BB5E7600F493E1 /* coreDataDemoUITestsLaunchTests.swift in Sources */ = {isa = PBXBuildFile; fileRef = AC35B01529BB5E7600F493E1 /* coreDataDemoUITestsLaunchTests.swift */; };
		AC53881829C5A6B800FECCB2 /* TitleView.swift in Sources */ = {isa = PBXBuildFile; fileRef = AC53881729C5A6B800FECCB2 /* TitleView.swift */; };
		AC53881A29C5A7E100FECCB2 /* ButtonView.swift in Sources */ = {isa = PBXBuildFile; fileRef = AC53881929C5A7E100FECCB2 /* ButtonView.swift */; };
		AC53881C29C5AC6200FECCB2 /* ListInnerButtonView.swift in Sources */ = {isa = PBXBuildFile; fileRef = AC53881B29C5AC6200FECCB2 /* ListInnerButtonView.swift */; };
		AC73B9D929C4434B000E518D /* ListingView.swift in Sources */ = {isa = PBXBuildFile; fileRef = AC73B9D829C4434B000E518D /* ListingView.swift */; };
		AC73B9DB29C4435D000E518D /* AddBusinessView.swift in Sources */ = {isa = PBXBuildFile; fileRef = AC73B9DA29C4435D000E518D /* AddBusinessView.swift */; };
		AC73B9DD29C44369000E518D /* AddDepartmentView.swift in Sources */ = {isa = PBXBuildFile; fileRef = AC73B9DC29C44369000E518D /* AddDepartmentView.swift */; };
		AC73B9DF29C44376000E518D /* AddEmployeeView.swift in Sources */ = {isa = PBXBuildFile; fileRef = AC73B9DE29C44376000E518D /* AddEmployeeView.swift */; };
		AC73B9E129C443A1000E518D /* DataViewModel.swift in Sources */ = {isa = PBXBuildFile; fileRef = AC73B9E029C443A1000E518D /* DataViewModel.swift */; };
		AC73B9E429C44E37000E518D /* ViewModifiers.swift in Sources */ = {isa = PBXBuildFile; fileRef = AC73B9E329C44E37000E518D /* ViewModifiers.swift */; };
		AC73B9E629C46CCA000E518D /* CustomToolBarView.swift in Sources */ = {isa = PBXBuildFile; fileRef = AC73B9E529C46CCA000E518D /* CustomToolBarView.swift */; };
		AC73B9E929C4715F000E518D /* ButtonStyles.swift in Sources */ = {isa = PBXBuildFile; fileRef = AC73B9E829C4715F000E518D /* ButtonStyles.swift */; };
		ACCFE26029BF03D90012608B /* UserViewModel.swift in Sources */ = {isa = PBXBuildFile; fileRef = ACCFE25F29BF03D90012608B /* UserViewModel.swift */; };
		ACCFE26229BF04FA0012608B /* CoreDataWithMVVmView.swift in Sources */ = {isa = PBXBuildFile; fileRef = ACCFE26129BF04FA0012608B /* CoreDataWithMVVmView.swift */; };
/* End PBXBuildFile section */

/* Begin PBXContainerItemProxy section */
		AC35B00629BB5E7600F493E1 /* PBXContainerItemProxy */ = {
			isa = PBXContainerItemProxy;
			containerPortal = AC35AFE829BB5E7400F493E1 /* Project object */;
			proxyType = 1;
			remoteGlobalIDString = AC35AFEF29BB5E7400F493E1;
			remoteInfo = coreDataDemo;
		};
		AC35B01029BB5E7600F493E1 /* PBXContainerItemProxy */ = {
			isa = PBXContainerItemProxy;
			containerPortal = AC35AFE829BB5E7400F493E1 /* Project object */;
			proxyType = 1;
			remoteGlobalIDString = AC35AFEF29BB5E7400F493E1;
			remoteInfo = coreDataDemo;
		};
/* End PBXContainerItemProxy section */

/* Begin PBXFileReference section */
		AC35AFF029BB5E7400F493E1 /* coreDataDemo.app */ = {isa = PBXFileReference; explicitFileType = wrapper.application; includeInIndex = 0; path = coreDataDemo.app; sourceTree = BUILT_PRODUCTS_DIR; };
		AC35AFF329BB5E7400F493E1 /* coreDataDemoApp.swift */ = {isa = PBXFileReference; lastKnownFileType = sourcecode.swift; path = coreDataDemoApp.swift; sourceTree = "<group>"; };
		AC35AFF529BB5E7400F493E1 /* ContentView.swift */ = {isa = PBXFileReference; lastKnownFileType = sourcecode.swift; path = ContentView.swift; sourceTree = "<group>"; };
		AC35AFF729BB5E7600F493E1 /* Assets.xcassets */ = {isa = PBXFileReference; lastKnownFileType = folder.assetcatalog; path = Assets.xcassets; sourceTree = "<group>"; };
		AC35AFFA29BB5E7600F493E1 /* Preview Assets.xcassets */ = {isa = PBXFileReference; lastKnownFileType = folder.assetcatalog; path = "Preview Assets.xcassets"; sourceTree = "<group>"; };
		AC35AFFC29BB5E7600F493E1 /* Persistence.swift */ = {isa = PBXFileReference; lastKnownFileType = sourcecode.swift; path = Persistence.swift; sourceTree = "<group>"; };
		AC35AFFF29BB5E7600F493E1 /* coreDataDemo.xcdatamodel */ = {isa = PBXFileReference; lastKnownFileType = wrapper.xcdatamodel; path = coreDataDemo.xcdatamodel; sourceTree = "<group>"; };
		AC35B00529BB5E7600F493E1 /* coreDataDemoTests.xctest */ = {isa = PBXFileReference; explicitFileType = wrapper.cfbundle; includeInIndex = 0; path = coreDataDemoTests.xctest; sourceTree = BUILT_PRODUCTS_DIR; };
		AC35B00929BB5E7600F493E1 /* coreDataDemoTests.swift */ = {isa = PBXFileReference; lastKnownFileType = sourcecode.swift; path = coreDataDemoTests.swift; sourceTree = "<group>"; };
		AC35B00F29BB5E7600F493E1 /* coreDataDemoUITests.xctest */ = {isa = PBXFileReference; explicitFileType = wrapper.cfbundle; includeInIndex = 0; path = coreDataDemoUITests.xctest; sourceTree = BUILT_PRODUCTS_DIR; };
		AC35B01329BB5E7600F493E1 /* coreDataDemoUITests.swift */ = {isa = PBXFileReference; lastKnownFileType = sourcecode.swift; path = coreDataDemoUITests.swift; sourceTree = "<group>"; };
		AC35B01529BB5E7600F493E1 /* coreDataDemoUITestsLaunchTests.swift */ = {isa = PBXFileReference; lastKnownFileType = sourcecode.swift; path = coreDataDemoUITestsLaunchTests.swift; sourceTree = "<group>"; };
		AC53881729C5A6B800FECCB2 /* TitleView.swift */ = {isa = PBXFileReference; lastKnownFileType = sourcecode.swift; path = TitleView.swift; sourceTree = "<group>"; };
		AC53881929C5A7E100FECCB2 /* ButtonView.swift */ = {isa = PBXFileReference; lastKnownFileType = sourcecode.swift; path = ButtonView.swift; sourceTree = "<group>"; };
		AC53881B29C5AC6200FECCB2 /* ListInnerButtonView.swift */ = {isa = PBXFileReference; lastKnownFileType = sourcecode.swift; path = ListInnerButtonView.swift; sourceTree = "<group>"; };
		AC73B9D829C4434B000E518D /* ListingView.swift */ = {isa = PBXFileReference; lastKnownFileType = sourcecode.swift; path = ListingView.swift; sourceTree = "<group>"; };
		AC73B9DA29C4435D000E518D /* AddBusinessView.swift */ = {isa = PBXFileReference; lastKnownFileType = sourcecode.swift; path = AddBusinessView.swift; sourceTree = "<group>"; };
		AC73B9DC29C44369000E518D /* AddDepartmentView.swift */ = {isa = PBXFileReference; lastKnownFileType = sourcecode.swift; path = AddDepartmentView.swift; sourceTree = "<group>"; };
		AC73B9DE29C44376000E518D /* AddEmployeeView.swift */ = {isa = PBXFileReference; lastKnownFileType = sourcecode.swift; path = AddEmployeeView.swift; sourceTree = "<group>"; };
		AC73B9E029C443A1000E518D /* DataViewModel.swift */ = {isa = PBXFileReference; lastKnownFileType = sourcecode.swift; path = DataViewModel.swift; sourceTree = "<group>"; };
		AC73B9E329C44E37000E518D /* ViewModifiers.swift */ = {isa = PBXFileReference; lastKnownFileType = sourcecode.swift; path = ViewModifiers.swift; sourceTree = "<group>"; };
		AC73B9E529C46CCA000E518D /* CustomToolBarView.swift */ = {isa = PBXFileReference; lastKnownFileType = sourcecode.swift; path = CustomToolBarView.swift; sourceTree = "<group>"; };
		AC73B9E829C4715F000E518D /* ButtonStyles.swift */ = {isa = PBXFileReference; lastKnownFileType = sourcecode.swift; path = ButtonStyles.swift; sourceTree = "<group>"; };
		ACCFE25F29BF03D90012608B /* UserViewModel.swift */ = {isa = PBXFileReference; lastKnownFileType = sourcecode.swift; path = UserViewModel.swift; sourceTree = "<group>"; };
		ACCFE26129BF04FA0012608B /* CoreDataWithMVVmView.swift */ = {isa = PBXFileReference; lastKnownFileType = sourcecode.swift; path = CoreDataWithMVVmView.swift; sourceTree = "<group>"; };
/* End PBXFileReference section */

/* Begin PBXFrameworksBuildPhase section */
		AC35AFED29BB5E7400F493E1 /* Frameworks */ = {
			isa = PBXFrameworksBuildPhase;
			buildActionMask = 2147483647;
			files = (
			);
			runOnlyForDeploymentPostprocessing = 0;
		};
		AC35B00229BB5E7600F493E1 /* Frameworks */ = {
			isa = PBXFrameworksBuildPhase;
			buildActionMask = 2147483647;
			files = (
			);
			runOnlyForDeploymentPostprocessing = 0;
		};
		AC35B00C29BB5E7600F493E1 /* Frameworks */ = {
			isa = PBXFrameworksBuildPhase;
			buildActionMask = 2147483647;
			files = (
			);
			runOnlyForDeploymentPostprocessing = 0;
		};
/* End PBXFrameworksBuildPhase section */

/* Begin PBXGroup section */
		AC35AFE729BB5E7400F493E1 = {
			isa = PBXGroup;
			children = (
				AC35AFF229BB5E7400F493E1 /* coreDataDemo */,
				AC35B00829BB5E7600F493E1 /* coreDataDemoTests */,
				AC35B01229BB5E7600F493E1 /* coreDataDemoUITests */,
				AC35AFF129BB5E7400F493E1 /* Products */,
			);
			sourceTree = "<group>";
		};
		AC35AFF129BB5E7400F493E1 /* Products */ = {
			isa = PBXGroup;
			children = (
				AC35AFF029BB5E7400F493E1 /* coreDataDemo.app */,
				AC35B00529BB5E7600F493E1 /* coreDataDemoTests.xctest */,
				AC35B00F29BB5E7600F493E1 /* coreDataDemoUITests.xctest */,
			);
			name = Products;
			sourceTree = "<group>";
		};
		AC35AFF229BB5E7400F493E1 /* coreDataDemo */ = {
			isa = PBXGroup;
			children = (
				AC73B9D729C4432B000E518D /* CoreDataRelationships */,
				ACCFE26329BF05030012608B /* Core data with fetch request */,
				ACCFE25E29BF03C00012608B /* Core Data With MVVM */,
				AC35AFF329BB5E7400F493E1 /* coreDataDemoApp.swift */,
				AC35AFF729BB5E7600F493E1 /* Assets.xcassets */,
				AC35AFFE29BB5E7600F493E1 /* coreDataDemo.xcdatamodeld */,
				AC35AFF929BB5E7600F493E1 /* Preview Content */,
			);
			path = coreDataDemo;
			sourceTree = "<group>";
		};
		AC35AFF929BB5E7600F493E1 /* Preview Content */ = {
			isa = PBXGroup;
			children = (
				AC35AFFA29BB5E7600F493E1 /* Preview Assets.xcassets */,
			);
			path = "Preview Content";
			sourceTree = "<group>";
		};
		AC35B00829BB5E7600F493E1 /* coreDataDemoTests */ = {
			isa = PBXGroup;
			children = (
				AC35B00929BB5E7600F493E1 /* coreDataDemoTests.swift */,
			);
			path = coreDataDemoTests;
			sourceTree = "<group>";
		};
		AC35B01229BB5E7600F493E1 /* coreDataDemoUITests */ = {
			isa = PBXGroup;
			children = (
				AC35B01329BB5E7600F493E1 /* coreDataDemoUITests.swift */,
				AC35B01529BB5E7600F493E1 /* coreDataDemoUITestsLaunchTests.swift */,
			);
			path = coreDataDemoUITests;
			sourceTree = "<group>";
		};
		AC53881D29C5B34900FECCB2 /* Adding data Views */ = {
			isa = PBXGroup;
			children = (
				AC73B9DA29C4435D000E518D /* AddBusinessView.swift */,
				AC73B9DC29C44369000E518D /* AddDepartmentView.swift */,
				AC73B9DE29C44376000E518D /* AddEmployeeView.swift */,
			);
			path = "Adding data Views";
			sourceTree = "<group>";
		};
		AC53881E29C5B35D00FECCB2 /* Constants */ = {
			isa = PBXGroup;
			children = (
				AC73B9EA29C475F1000E518D /* InnerViews */,
				AC73B9E729C4714B000E518D /* ButtonStyle */,
			);
			path = Constants;
			sourceTree = "<group>";
		};
		AC53881F29C5B37000FECCB2 /* CoreDataViewModel */ = {
			isa = PBXGroup;
			children = (
				AC73B9E029C443A1000E518D /* DataViewModel.swift */,
			);
			path = CoreDataViewModel;
			sourceTree = "<group>";
		};
		AC73B9D729C4432B000E518D /* CoreDataRelationships */ = {
			isa = PBXGroup;
			children = (
				AC53881F29C5B37000FECCB2 /* CoreDataViewModel */,
				AC53881E29C5B35D00FECCB2 /* Constants */,
				AC53881D29C5B34900FECCB2 /* Adding data Views */,
				AC73B9E229C44E25000E518D /* ViewModifiers */,
				AC73B9D829C4434B000E518D /* ListingView.swift */,
			);
			path = CoreDataRelationships;
			sourceTree = "<group>";
		};
		AC73B9E229C44E25000E518D /* ViewModifiers */ = {
			isa = PBXGroup;
			children = (
				AC73B9E329C44E37000E518D /* ViewModifiers.swift */,
			);
			path = ViewModifiers;
			sourceTree = "<group>";
		};
		AC73B9E729C4714B000E518D /* ButtonStyle */ = {
			isa = PBXGroup;
			children = (
				AC73B9E829C4715F000E518D /* ButtonStyles.swift */,
			);
			path = ButtonStyle;
			sourceTree = "<group>";
		};
		AC73B9EA29C475F1000E518D /* InnerViews */ = {
			isa = PBXGroup;
			children = (
				AC73B9E529C46CCA000E518D /* CustomToolBarView.swift */,
				AC53881729C5A6B800FECCB2 /* TitleView.swift */,
				AC53881929C5A7E100FECCB2 /* ButtonView.swift */,
				AC53881B29C5AC6200FECCB2 /* ListInnerButtonView.swift */,
			);
			path = InnerViews;
			sourceTree = "<group>";
		};
		ACCFE25E29BF03C00012608B /* Core Data With MVVM */ = {
			isa = PBXGroup;
			children = (
				ACCFE25F29BF03D90012608B /* UserViewModel.swift */,
				ACCFE26129BF04FA0012608B /* CoreDataWithMVVmView.swift */,
			);
			path = "Core Data With MVVM";
			sourceTree = "<group>";
		};
		ACCFE26329BF05030012608B /* Core data with fetch request */ = {
			isa = PBXGroup;
			children = (
				AC35AFF529BB5E7400F493E1 /* ContentView.swift */,
				AC35AFFC29BB5E7600F493E1 /* Persistence.swift */,
			);
			path = "Core data with fetch request";
			sourceTree = "<group>";
		};
/* End PBXGroup section */

/* Begin PBXNativeTarget section */
		AC35AFEF29BB5E7400F493E1 /* coreDataDemo */ = {
			isa = PBXNativeTarget;
			buildConfigurationList = AC35B01929BB5E7600F493E1 /* Build configuration list for PBXNativeTarget "coreDataDemo" */;
			buildPhases = (
				AC35AFEC29BB5E7400F493E1 /* Sources */,
				AC35AFED29BB5E7400F493E1 /* Frameworks */,
				AC35AFEE29BB5E7400F493E1 /* Resources */,
			);
			buildRules = (
			);
			dependencies = (
			);
			name = coreDataDemo;
			productName = coreDataDemo;
			productReference = AC35AFF029BB5E7400F493E1 /* coreDataDemo.app */;
			productType = "com.apple.product-type.application";
		};
		AC35B00429BB5E7600F493E1 /* coreDataDemoTests */ = {
			isa = PBXNativeTarget;
			buildConfigurationList = AC35B01C29BB5E7600F493E1 /* Build configuration list for PBXNativeTarget "coreDataDemoTests" */;
			buildPhases = (
				AC35B00129BB5E7600F493E1 /* Sources */,
				AC35B00229BB5E7600F493E1 /* Frameworks */,
				AC35B00329BB5E7600F493E1 /* Resources */,
			);
			buildRules = (
			);
			dependencies = (
				AC35B00729BB5E7600F493E1 /* PBXTargetDependency */,
			);
			name = coreDataDemoTests;
			productName = coreDataDemoTests;
			productReference = AC35B00529BB5E7600F493E1 /* coreDataDemoTests.xctest */;
			productType = "com.apple.product-type.bundle.unit-test";
		};
		AC35B00E29BB5E7600F493E1 /* coreDataDemoUITests */ = {
			isa = PBXNativeTarget;
			buildConfigurationList = AC35B01F29BB5E7600F493E1 /* Build configuration list for PBXNativeTarget "coreDataDemoUITests" */;
			buildPhases = (
				AC35B00B29BB5E7600F493E1 /* Sources */,
				AC35B00C29BB5E7600F493E1 /* Frameworks */,
				AC35B00D29BB5E7600F493E1 /* Resources */,
			);
			buildRules = (
			);
			dependencies = (
				AC35B01129BB5E7600F493E1 /* PBXTargetDependency */,
			);
			name = coreDataDemoUITests;
			productName = coreDataDemoUITests;
			productReference = AC35B00F29BB5E7600F493E1 /* coreDataDemoUITests.xctest */;
			productType = "com.apple.product-type.bundle.ui-testing";
		};
/* End PBXNativeTarget section */

/* Begin PBXProject section */
		AC35AFE829BB5E7400F493E1 /* Project object */ = {
			isa = PBXProject;
			attributes = {
				BuildIndependentTargetsInParallel = 1;
				LastSwiftUpdateCheck = 1400;
				LastUpgradeCheck = 1400;
				TargetAttributes = {
					AC35AFEF29BB5E7400F493E1 = {
						CreatedOnToolsVersion = 14.0;
					};
					AC35B00429BB5E7600F493E1 = {
						CreatedOnToolsVersion = 14.0;
						TestTargetID = AC35AFEF29BB5E7400F493E1;
					};
					AC35B00E29BB5E7600F493E1 = {
						CreatedOnToolsVersion = 14.0;
						TestTargetID = AC35AFEF29BB5E7400F493E1;
					};
				};
			};
			buildConfigurationList = AC35AFEB29BB5E7400F493E1 /* Build configuration list for PBXProject "coreDataDemo" */;
			compatibilityVersion = "Xcode 14.0";
			developmentRegion = en;
			hasScannedForEncodings = 0;
			knownRegions = (
				en,
				Base,
			);
			mainGroup = AC35AFE729BB5E7400F493E1;
			productRefGroup = AC35AFF129BB5E7400F493E1 /* Products */;
			projectDirPath = "";
			projectRoot = "";
			targets = (
				AC35AFEF29BB5E7400F493E1 /* coreDataDemo */,
				AC35B00429BB5E7600F493E1 /* coreDataDemoTests */,
				AC35B00E29BB5E7600F493E1 /* coreDataDemoUITests */,
			);
		};
/* End PBXProject section */

/* Begin PBXResourcesBuildPhase section */
		AC35AFEE29BB5E7400F493E1 /* Resources */ = {
			isa = PBXResourcesBuildPhase;
			buildActionMask = 2147483647;
			files = (
				AC35AFFB29BB5E7600F493E1 /* Preview Assets.xcassets in Resources */,
				AC35AFF829BB5E7600F493E1 /* Assets.xcassets in Resources */,
			);
			runOnlyForDeploymentPostprocessing = 0;
		};
		AC35B00329BB5E7600F493E1 /* Resources */ = {
			isa = PBXResourcesBuildPhase;
			buildActionMask = 2147483647;
			files = (
			);
			runOnlyForDeploymentPostprocessing = 0;
		};
		AC35B00D29BB5E7600F493E1 /* Resources */ = {
			isa = PBXResourcesBuildPhase;
			buildActionMask = 2147483647;
			files = (
			);
			runOnlyForDeploymentPostprocessing = 0;
		};
/* End PBXResourcesBuildPhase section */

/* Begin PBXSourcesBuildPhase section */
		AC35AFEC29BB5E7400F493E1 /* Sources */ = {
			isa = PBXSourcesBuildPhase;
			buildActionMask = 2147483647;
			files = (
				AC73B9DD29C44369000E518D /* AddDepartmentView.swift in Sources */,
				AC73B9DB29C4435D000E518D /* AddBusinessView.swift in Sources */,
				AC53881A29C5A7E100FECCB2 /* ButtonView.swift in Sources */,
				AC35AFFD29BB5E7600F493E1 /* Persistence.swift in Sources */,
				AC73B9E429C44E37000E518D /* ViewModifiers.swift in Sources */,
				AC73B9E629C46CCA000E518D /* CustomToolBarView.swift in Sources */,
				AC35B00029BB5E7600F493E1 /* coreDataDemo.xcdatamodeld in Sources */,
				AC35AFF629BB5E7400F493E1 /* ContentView.swift in Sources */,
				AC73B9D929C4434B000E518D /* ListingView.swift in Sources */,
				AC73B9DF29C44376000E518D /* AddEmployeeView.swift in Sources */,
				ACCFE26029BF03D90012608B /* UserViewModel.swift in Sources */,
				AC35AFF429BB5E7400F493E1 /* coreDataDemoApp.swift in Sources */,
				AC53881C29C5AC6200FECCB2 /* ListInnerButtonView.swift in Sources */,
				AC73B9E929C4715F000E518D /* ButtonStyles.swift in Sources */,
				AC73B9E129C443A1000E518D /* DataViewModel.swift in Sources */,
				ACCFE26229BF04FA0012608B /* CoreDataWithMVVmView.swift in Sources */,
				AC53881829C5A6B800FECCB2 /* TitleView.swift in Sources */,
			);
			runOnlyForDeploymentPostprocessing = 0;
		};
		AC35B00129BB5E7600F493E1 /* Sources */ = {
			isa = PBXSourcesBuildPhase;
			buildActionMask = 2147483647;
			files = (
				AC35B00A29BB5E7600F493E1 /* coreDataDemoTests.swift in Sources */,
			);
			runOnlyForDeploymentPostprocessing = 0;
		};
		AC35B00B29BB5E7600F493E1 /* Sources */ = {
			isa = PBXSourcesBuildPhase;
			buildActionMask = 2147483647;
			files = (
				AC35B01629BB5E7600F493E1 /* coreDataDemoUITestsLaunchTests.swift in Sources */,
				AC35B01429BB5E7600F493E1 /* coreDataDemoUITests.swift in Sources */,
			);
			runOnlyForDeploymentPostprocessing = 0;
		};
/* End PBXSourcesBuildPhase section */

/* Begin PBXTargetDependency section */
		AC35B00729BB5E7600F493E1 /* PBXTargetDependency */ = {
			isa = PBXTargetDependency;
			target = AC35AFEF29BB5E7400F493E1 /* coreDataDemo */;
			targetProxy = AC35B00629BB5E7600F493E1 /* PBXContainerItemProxy */;
		};
		AC35B01129BB5E7600F493E1 /* PBXTargetDependency */ = {
			isa = PBXTargetDependency;
			target = AC35AFEF29BB5E7400F493E1 /* coreDataDemo */;
			targetProxy = AC35B01029BB5E7600F493E1 /* PBXContainerItemProxy */;
		};
/* End PBXTargetDependency section */

/* Begin XCBuildConfiguration section */
		AC35B01729BB5E7600F493E1 /* Debug */ = {
			isa = XCBuildConfiguration;
			buildSettings = {
				ALWAYS_SEARCH_USER_PATHS = NO;
				CLANG_ANALYZER_NONNULL = YES;
				CLANG_ANALYZER_NUMBER_OBJECT_CONVERSION = YES_AGGRESSIVE;
				CLANG_CXX_LANGUAGE_STANDARD = "gnu++20";
				CLANG_ENABLE_MODULES = YES;
				CLANG_ENABLE_OBJC_ARC = YES;
				CLANG_ENABLE_OBJC_WEAK = YES;
				CLANG_WARN_BLOCK_CAPTURE_AUTORELEASING = YES;
				CLANG_WARN_BOOL_CONVERSION = YES;
				CLANG_WARN_COMMA = YES;
				CLANG_WARN_CONSTANT_CONVERSION = YES;
				CLANG_WARN_DEPRECATED_OBJC_IMPLEMENTATIONS = YES;
				CLANG_WARN_DIRECT_OBJC_ISA_USAGE = YES_ERROR;
				CLANG_WARN_DOCUMENTATION_COMMENTS = YES;
				CLANG_WARN_EMPTY_BODY = YES;
				CLANG_WARN_ENUM_CONVERSION = YES;
				CLANG_WARN_INFINITE_RECURSION = YES;
				CLANG_WARN_INT_CONVERSION = YES;
				CLANG_WARN_NON_LITERAL_NULL_CONVERSION = YES;
				CLANG_WARN_OBJC_IMPLICIT_RETAIN_SELF = YES;
				CLANG_WARN_OBJC_LITERAL_CONVERSION = YES;
				CLANG_WARN_OBJC_ROOT_CLASS = YES_ERROR;
				CLANG_WARN_QUOTED_INCLUDE_IN_FRAMEWORK_HEADER = YES;
				CLANG_WARN_RANGE_LOOP_ANALYSIS = YES;
				CLANG_WARN_STRICT_PROTOTYPES = YES;
				CLANG_WARN_SUSPICIOUS_MOVE = YES;
				CLANG_WARN_UNGUARDED_AVAILABILITY = YES_AGGRESSIVE;
				CLANG_WARN_UNREACHABLE_CODE = YES;
				CLANG_WARN__DUPLICATE_METHOD_MATCH = YES;
				COPY_PHASE_STRIP = NO;
				DEBUG_INFORMATION_FORMAT = dwarf;
				ENABLE_STRICT_OBJC_MSGSEND = YES;
				ENABLE_TESTABILITY = YES;
				GCC_C_LANGUAGE_STANDARD = gnu11;
				GCC_DYNAMIC_NO_PIC = NO;
				GCC_NO_COMMON_BLOCKS = YES;
				GCC_OPTIMIZATION_LEVEL = 0;
				GCC_PREPROCESSOR_DEFINITIONS = (
					"DEBUG=1",
					"$(inherited)",
				);
				GCC_WARN_64_TO_32_BIT_CONVERSION = YES;
				GCC_WARN_ABOUT_RETURN_TYPE = YES_ERROR;
				GCC_WARN_UNDECLARED_SELECTOR = YES;
				GCC_WARN_UNINITIALIZED_AUTOS = YES_AGGRESSIVE;
				GCC_WARN_UNUSED_FUNCTION = YES;
				GCC_WARN_UNUSED_VARIABLE = YES;
				IPHONEOS_DEPLOYMENT_TARGET = 16.0;
				MTL_ENABLE_DEBUG_INFO = INCLUDE_SOURCE;
				MTL_FAST_MATH = YES;
				ONLY_ACTIVE_ARCH = YES;
				SDKROOT = iphoneos;
				SWIFT_ACTIVE_COMPILATION_CONDITIONS = DEBUG;
				SWIFT_OPTIMIZATION_LEVEL = "-Onone";
			};
			name = Debug;
		};
		AC35B01829BB5E7600F493E1 /* Release */ = {
			isa = XCBuildConfiguration;
			buildSettings = {
				ALWAYS_SEARCH_USER_PATHS = NO;
				CLANG_ANALYZER_NONNULL = YES;
				CLANG_ANALYZER_NUMBER_OBJECT_CONVERSION = YES_AGGRESSIVE;
				CLANG_CXX_LANGUAGE_STANDARD = "gnu++20";
				CLANG_ENABLE_MODULES = YES;
				CLANG_ENABLE_OBJC_ARC = YES;
				CLANG_ENABLE_OBJC_WEAK = YES;
				CLANG_WARN_BLOCK_CAPTURE_AUTORELEASING = YES;
				CLANG_WARN_BOOL_CONVERSION = YES;
				CLANG_WARN_COMMA = YES;
				CLANG_WARN_CONSTANT_CONVERSION = YES;
				CLANG_WARN_DEPRECATED_OBJC_IMPLEMENTATIONS = YES;
				CLANG_WARN_DIRECT_OBJC_ISA_USAGE = YES_ERROR;
				CLANG_WARN_DOCUMENTATION_COMMENTS = YES;
				CLANG_WARN_EMPTY_BODY = YES;
				CLANG_WARN_ENUM_CONVERSION = YES;
				CLANG_WARN_INFINITE_RECURSION = YES;
				CLANG_WARN_INT_CONVERSION = YES;
				CLANG_WARN_NON_LITERAL_NULL_CONVERSION = YES;
				CLANG_WARN_OBJC_IMPLICIT_RETAIN_SELF = YES;
				CLANG_WARN_OBJC_LITERAL_CONVERSION = YES;
				CLANG_WARN_OBJC_ROOT_CLASS = YES_ERROR;
				CLANG_WARN_QUOTED_INCLUDE_IN_FRAMEWORK_HEADER = YES;
				CLANG_WARN_RANGE_LOOP_ANALYSIS = YES;
				CLANG_WARN_STRICT_PROTOTYPES = YES;
				CLANG_WARN_SUSPICIOUS_MOVE = YES;
				CLANG_WARN_UNGUARDED_AVAILABILITY = YES_AGGRESSIVE;
				CLANG_WARN_UNREACHABLE_CODE = YES;
				CLANG_WARN__DUPLICATE_METHOD_MATCH = YES;
				COPY_PHASE_STRIP = NO;
				DEBUG_INFORMATION_FORMAT = "dwarf-with-dsym";
				ENABLE_NS_ASSERTIONS = NO;
				ENABLE_STRICT_OBJC_MSGSEND = YES;
				GCC_C_LANGUAGE_STANDARD = gnu11;
				GCC_NO_COMMON_BLOCKS = YES;
				GCC_WARN_64_TO_32_BIT_CONVERSION = YES;
				GCC_WARN_ABOUT_RETURN_TYPE = YES_ERROR;
				GCC_WARN_UNDECLARED_SELECTOR = YES;
				GCC_WARN_UNINITIALIZED_AUTOS = YES_AGGRESSIVE;
				GCC_WARN_UNUSED_FUNCTION = YES;
				GCC_WARN_UNUSED_VARIABLE = YES;
				IPHONEOS_DEPLOYMENT_TARGET = 16.0;
				MTL_ENABLE_DEBUG_INFO = NO;
				MTL_FAST_MATH = YES;
				SDKROOT = iphoneos;
				SWIFT_COMPILATION_MODE = wholemodule;
				SWIFT_OPTIMIZATION_LEVEL = "-O";
				VALIDATE_PRODUCT = YES;
			};
			name = Release;
		};
		AC35B01A29BB5E7600F493E1 /* Debug */ = {
			isa = XCBuildConfiguration;
			buildSettings = {
				ASSETCATALOG_COMPILER_APPICON_NAME = AppIcon;
				ASSETCATALOG_COMPILER_GLOBAL_ACCENT_COLOR_NAME = AccentColor;
				CODE_SIGN_STYLE = Automatic;
				CURRENT_PROJECT_VERSION = 1;
				DEVELOPMENT_ASSET_PATHS = "\"coreDataDemo/Preview Content\"";
				DEVELOPMENT_TEAM = C82DAJ8M65;
				ENABLE_PREVIEWS = YES;
				GENERATE_INFOPLIST_FILE = YES;
				INFOPLIST_KEY_UIApplicationSceneManifest_Generation = YES;
				INFOPLIST_KEY_UIApplicationSupportsIndirectInputEvents = YES;
				INFOPLIST_KEY_UILaunchScreen_Generation = YES;
				INFOPLIST_KEY_UISupportedInterfaceOrientations_iPad = "UIInterfaceOrientationPortrait UIInterfaceOrientationPortraitUpsideDown UIInterfaceOrientationLandscapeLeft UIInterfaceOrientationLandscapeRight";
				INFOPLIST_KEY_UISupportedInterfaceOrientations_iPhone = "UIInterfaceOrientationPortrait UIInterfaceOrientationLandscapeLeft UIInterfaceOrientationLandscapeRight";
				LD_RUNPATH_SEARCH_PATHS = (
					"$(inherited)",
					"@executable_path/Frameworks",
				);
				MARKETING_VERSION = 1.0;
				PRODUCT_BUNDLE_IDENTIFIER = com.ankush.coreDataDemo;
				PRODUCT_NAME = "$(TARGET_NAME)";
				SWIFT_EMIT_LOC_STRINGS = YES;
				SWIFT_VERSION = 5.0;
				TARGETED_DEVICE_FAMILY = "1,2";
			};
			name = Debug;
		};
		AC35B01B29BB5E7600F493E1 /* Release */ = {
			isa = XCBuildConfiguration;
			buildSettings = {
				ASSETCATALOG_COMPILER_APPICON_NAME = AppIcon;
				ASSETCATALOG_COMPILER_GLOBAL_ACCENT_COLOR_NAME = AccentColor;
				CODE_SIGN_STYLE = Automatic;
				CURRENT_PROJECT_VERSION = 1;
				DEVELOPMENT_ASSET_PATHS = "\"coreDataDemo/Preview Content\"";
				DEVELOPMENT_TEAM = C82DAJ8M65;
				ENABLE_PREVIEWS = YES;
				GENERATE_INFOPLIST_FILE = YES;
				INFOPLIST_KEY_UIApplicationSceneManifest_Generation = YES;
				INFOPLIST_KEY_UIApplicationSupportsIndirectInputEvents = YES;
				INFOPLIST_KEY_UILaunchScreen_Generation = YES;
				INFOPLIST_KEY_UISupportedInterfaceOrientations_iPad = "UIInterfaceOrientationPortrait UIInterfaceOrientationPortraitUpsideDown UIInterfaceOrientationLandscapeLeft UIInterfaceOrientationLandscapeRight";
				INFOPLIST_KEY_UISupportedInterfaceOrientations_iPhone = "UIInterfaceOrientationPortrait UIInterfaceOrientationLandscapeLeft UIInterfaceOrientationLandscapeRight";
				LD_RUNPATH_SEARCH_PATHS = (
					"$(inherited)",
					"@executable_path/Frameworks",
				);
				MARKETING_VERSION = 1.0;
				PRODUCT_BUNDLE_IDENTIFIER = com.ankush.coreDataDemo;
				PRODUCT_NAME = "$(TARGET_NAME)";
				SWIFT_EMIT_LOC_STRINGS = YES;
				SWIFT_VERSION = 5.0;
				TARGETED_DEVICE_FAMILY = "1,2";
			};
			name = Release;
		};
		AC35B01D29BB5E7600F493E1 /* Debug */ = {
			isa = XCBuildConfiguration;
			buildSettings = {
				ALWAYS_EMBED_SWIFT_STANDARD_LIBRARIES = YES;
				BUNDLE_LOADER = "$(TEST_HOST)";
				CODE_SIGN_STYLE = Automatic;
				CURRENT_PROJECT_VERSION = 1;
				DEVELOPMENT_TEAM = C82DAJ8M65;
				GENERATE_INFOPLIST_FILE = YES;
				IPHONEOS_DEPLOYMENT_TARGET = 16.0;
				MARKETING_VERSION = 1.0;
				PRODUCT_BUNDLE_IDENTIFIER = com.ankush.coreDataDemoTests;
				PRODUCT_NAME = "$(TARGET_NAME)";
				SWIFT_EMIT_LOC_STRINGS = NO;
				SWIFT_VERSION = 5.0;
				TARGETED_DEVICE_FAMILY = "1,2";
				TEST_HOST = "$(BUILT_PRODUCTS_DIR)/coreDataDemo.app/$(BUNDLE_EXECUTABLE_FOLDER_PATH)/coreDataDemo";
			};
			name = Debug;
		};
		AC35B01E29BB5E7600F493E1 /* Release */ = {
			isa = XCBuildConfiguration;
			buildSettings = {
				ALWAYS_EMBED_SWIFT_STANDARD_LIBRARIES = YES;
				BUNDLE_LOADER = "$(TEST_HOST)";
				CODE_SIGN_STYLE = Automatic;
				CURRENT_PROJECT_VERSION = 1;
				DEVELOPMENT_TEAM = C82DAJ8M65;
				GENERATE_INFOPLIST_FILE = YES;
				IPHONEOS_DEPLOYMENT_TARGET = 16.0;
				MARKETING_VERSION = 1.0;
				PRODUCT_BUNDLE_IDENTIFIER = com.ankush.coreDataDemoTests;
				PRODUCT_NAME = "$(TARGET_NAME)";
				SWIFT_EMIT_LOC_STRINGS = NO;
				SWIFT_VERSION = 5.0;
				TARGETED_DEVICE_FAMILY = "1,2";
				TEST_HOST = "$(BUILT_PRODUCTS_DIR)/coreDataDemo.app/$(BUNDLE_EXECUTABLE_FOLDER_PATH)/coreDataDemo";
			};
			name = Release;
		};
		AC35B02029BB5E7600F493E1 /* Debug */ = {
			isa = XCBuildConfiguration;
			buildSettings = {
				ALWAYS_EMBED_SWIFT_STANDARD_LIBRARIES = YES;
				CODE_SIGN_STYLE = Automatic;
				CURRENT_PROJECT_VERSION = 1;
				DEVELOPMENT_TEAM = C82DAJ8M65;
				GENERATE_INFOPLIST_FILE = YES;
				MARKETING_VERSION = 1.0;
				PRODUCT_BUNDLE_IDENTIFIER = com.ankush.coreDataDemoUITests;
				PRODUCT_NAME = "$(TARGET_NAME)";
				SWIFT_EMIT_LOC_STRINGS = NO;
				SWIFT_VERSION = 5.0;
				TARGETED_DEVICE_FAMILY = "1,2";
				TEST_TARGET_NAME = coreDataDemo;
			};
			name = Debug;
		};
		AC35B02129BB5E7600F493E1 /* Release */ = {
			isa = XCBuildConfiguration;
			buildSettings = {
				ALWAYS_EMBED_SWIFT_STANDARD_LIBRARIES = YES;
				CODE_SIGN_STYLE = Automatic;
				CURRENT_PROJECT_VERSION = 1;
				DEVELOPMENT_TEAM = C82DAJ8M65;
				GENERATE_INFOPLIST_FILE = YES;
				MARKETING_VERSION = 1.0;
				PRODUCT_BUNDLE_IDENTIFIER = com.ankush.coreDataDemoUITests;
				PRODUCT_NAME = "$(TARGET_NAME)";
				SWIFT_EMIT_LOC_STRINGS = NO;
				SWIFT_VERSION = 5.0;
				TARGETED_DEVICE_FAMILY = "1,2";
				TEST_TARGET_NAME = coreDataDemo;
			};
			name = Release;
		};
/* End XCBuildConfiguration section */

/* Begin XCConfigurationList section */
		AC35AFEB29BB5E7400F493E1 /* Build configuration list for PBXProject "coreDataDemo" */ = {
			isa = XCConfigurationList;
			buildConfigurations = (
				AC35B01729BB5E7600F493E1 /* Debug */,
				AC35B01829BB5E7600F493E1 /* Release */,
			);
			defaultConfigurationIsVisible = 0;
			defaultConfigurationName = Release;
		};
		AC35B01929BB5E7600F493E1 /* Build configuration list for PBXNativeTarget "coreDataDemo" */ = {
			isa = XCConfigurationList;
			buildConfigurations = (
				AC35B01A29BB5E7600F493E1 /* Debug */,
				AC35B01B29BB5E7600F493E1 /* Release */,
			);
			defaultConfigurationIsVisible = 0;
			defaultConfigurationName = Release;
		};
		AC35B01C29BB5E7600F493E1 /* Build configuration list for PBXNativeTarget "coreDataDemoTests" */ = {
			isa = XCConfigurationList;
			buildConfigurations = (
				AC35B01D29BB5E7600F493E1 /* Debug */,
				AC35B01E29BB5E7600F493E1 /* Release */,
			);
			defaultConfigurationIsVisible = 0;
			defaultConfigurationName = Release;
		};
		AC35B01F29BB5E7600F493E1 /* Build configuration list for PBXNativeTarget "coreDataDemoUITests" */ = {
			isa = XCConfigurationList;
			buildConfigurations = (
				AC35B02029BB5E7600F493E1 /* Debug */,
				AC35B02129BB5E7600F493E1 /* Release */,
			);
			defaultConfigurationIsVisible = 0;
			defaultConfigurationName = Release;
		};
/* End XCConfigurationList section */

/* Begin XCVersionGroup section */
		AC35AFFE29BB5E7600F493E1 /* coreDataDemo.xcdatamodeld */ = {
			isa = XCVersionGroup;
			children = (
				AC35AFFF29BB5E7600F493E1 /* coreDataDemo.xcdatamodel */,
			);
			currentVersion = AC35AFFF29BB5E7600F493E1 /* coreDataDemo.xcdatamodel */;
			path = coreDataDemo.xcdatamodeld;
			sourceTree = "<group>";
			versionGroupType = wrapper.xcdatamodel;
		};
/* End XCVersionGroup section */
	};
	rootObject = AC35AFE829BB5E7400F493E1 /* Project object */;
}
